
Microsoft Visual Studio Solution File, Format Version 12.00
# Visual Studio Version 16
VisualStudioVersion = 16.0.28803.156
MinimumVisualStudioVersion = 10.0.40219.1
Project("{9A19103F-16F7-4668-BE54-9A1E7A4F7556}") = "SchoolLibrary", "SchoolLibrary\SchoolLibrary.csproj", "{083CB315-121E-482B-B997-AAB5575BF7BF}"
EndProject
Project("{9A19103F-16F7-4668-BE54-9A1E7A4F7556}") = "SchoolAPI", "SchoolAPI\SchoolAPI.csproj", "{DE2CA9DD-7458-45C0-A15E-D60CD45613CE}"
EndProject
Project("{FAE04EC0-301F-11D3-BF4B-00C04F79EFBC}") = "SchoolClient", "SchoolClient\SchoolClient.csproj", "{F14A0243-98E1-49AC-98DB-B850B1EF0F75}"
EndProject
Global
	GlobalSection(SolutionConfigurationPlatforms) = preSolution
		Debug|Any CPU = Debug|Any CPU
		Release|Any CPU = Release|Any CPU
	EndGlobalSection
	GlobalSection(ProjectConfigurationPlatforms) = postSolution
		{083CB315-121E-482B-B997-AAB5575BF7BF}.Debug|Any CPU.ActiveCfg = Debug|Any CPU
		{083CB315-121E-482B-B997-AAB5575BF7BF}.Debug|Any CPU.Build.0 = Debug|Any CPU
		{083CB315-121E-482B-B997-AAB5575BF7BF}.Release|Any CPU.ActiveCfg = Release|Any CPU
		{083CB315-121E-482B-B997-AAB5575BF7BF}.Release|Any CPU.Build.0 = Release|Any CPU
		{DE2CA9DD-7458-45C0-A15E-D60CD45613CE}.Debug|Any CPU.ActiveCfg = Debug|Any CPU
		{DE2CA9DD-7458-45C0-A15E-D60CD45613CE}.Debug|Any CPU.Build.0 = Debug|Any CPU
		{DE2CA9DD-7458-45C0-A15E-D60CD45613CE}.Release|Any CPU.ActiveCfg = Release|Any CPU
		{DE2CA9DD-7458-45C0-A15E-D60CD45613CE}.Release|Any CPU.Build.0 = Release|Any CPU
		{F14A0243-98E1-49AC-98DB-B850B1EF0F75}.Debug|Any CPU.ActiveCfg = Debug|Any CPU
		{F14A0243-98E1-49AC-98DB-B850B1EF0F75}.Debug|Any CPU.Build.0 = Debug|Any CPU
		{F14A0243-98E1-49AC-98DB-B850B1EF0F75}.Release|Any CPU.ActiveCfg = Release|Any CPU
		{F14A0243-98E1-49AC-98DB-B850B1EF0F75}.Release|Any CPU.Build.0 = Release|Any CPU
	EndGlobalSection
	GlobalSection(SolutionProperties) = preSolution
		HideSolutionNode = FALSE
	EndGlobalSection
	GlobalSection(ExtensibilityGlobals) = postSolution
		SolutionGuid = {C0477284-E96D-4D36-A4CC-BABFB7E8E6FA}
	EndGlobalSection
EndGlobal
